
Microsoft Visual Studio Solution File, Format Version 12.00
# Visual Studio 2013
VisualStudioVersion = 12.0.31101.0
MinimumVisualStudioVersion = 10.0.40219.1
Project("{FAE04EC0-301F-11D3-BF4B-00C04F79EFBC}") = "Aoite", "src\core\Aoite\Aoite.csproj", "{B18DF1A9-5D99-4952-8F66-76386A81713C}"
EndProject
Project("{FAE04EC0-301F-11D3-BF4B-00C04F79EFBC}") = "Aoite.Tests", "src\core\Aoite.Tests\Aoite.Tests.csproj", "{672FBE83-BF06-4A72-8910-54E55B5672EE}"
EndProject
Project("{2150E333-8FDC-42A3-9474-1A3956D46DE8}") = ".nuget", ".nuget", "{8813BF3C-7F8B-49A5-8A2C-89889FFAA74B}"
	ProjectSection(SolutionItems) = preProject
		.nuget\NuGet.Config = .nuget\NuGet.Config
		.nuget\NuGet.exe = .nuget\NuGet.exe
		.nuget\NuGet.targets = .nuget\NuGet.targets
	EndProjectSection
EndProject
Project("{FAE04EC0-301F-11D3-BF4B-00C04F79EFBC}") = "Aoite.PerformanceConsole", "src\core\Aoite.PerformanceConsole\Aoite.PerformanceConsole.csproj", "{B43DA10D-9EF4-4491-8AFA-B28AA8F284DB}"
EndProject
Global
	GlobalSection(SolutionConfigurationPlatforms) = preSolution
		Debug|Any CPU = Debug|Any CPU
		Release|Any CPU = Release|Any CPU
	EndGlobalSection
	GlobalSection(ProjectConfigurationPlatforms) = postSolution
		{B18DF1A9-5D99-4952-8F66-76386A81713C}.Debug|Any CPU.ActiveCfg = Debug|Any CPU
		{B18DF1A9-5D99-4952-8F66-76386A81713C}.Debug|Any CPU.Build.0 = Debug|Any CPU
		{B18DF1A9-5D99-4952-8F66-76386A81713C}.Release|Any CPU.ActiveCfg = Release|Any CPU
		{B18DF1A9-5D99-4952-8F66-76386A81713C}.Release|Any CPU.Build.0 = Release|Any CPU
		{672FBE83-BF06-4A72-8910-54E55B5672EE}.Debug|Any CPU.ActiveCfg = Debug|Any CPU
		{672FBE83-BF06-4A72-8910-54E55B5672EE}.Debug|Any CPU.Build.0 = Debug|Any CPU
		{672FBE83-BF06-4A72-8910-54E55B5672EE}.Release|Any CPU.ActiveCfg = Release|Any CPU
		{672FBE83-BF06-4A72-8910-54E55B5672EE}.Release|Any CPU.Build.0 = Release|Any CPU
		{B43DA10D-9EF4-4491-8AFA-B28AA8F284DB}.Debug|Any CPU.ActiveCfg = Debug|Any CPU
		{B43DA10D-9EF4-4491-8AFA-B28AA8F284DB}.Debug|Any CPU.Build.0 = Debug|Any CPU
		{B43DA10D-9EF4-4491-8AFA-B28AA8F284DB}.Release|Any CPU.ActiveCfg = Release|Any CPU
		{B43DA10D-9EF4-4491-8AFA-B28AA8F284DB}.Release|Any CPU.Build.0 = Release|Any CPU
	EndGlobalSection
	GlobalSection(SolutionProperties) = preSolution
		HideSolutionNode = FALSE
	EndGlobalSection
	GlobalSection(Performance) = preSolution
		HasPerformanceSessions = true
	EndGlobalSection
EndGlobal
